
Microsoft Visual Studio Solution File, Format Version 11.00
# Visual Studio 2010
Project("{FAE04EC0-301F-11D3-BF4B-00C04F79EFBC}") = "Assembly-CSharp", "Assembly-CSharp.csproj", "{11900D58-3020-0741-1DCD-94805F74C889}"
EndProject
Global
	GlobalSection(SolutionConfigurationPlatforms) = preSolution
		Debug|Any CPU = Debug|Any CPU
		Release|Any CPU = Release|Any CPU
	EndGlobalSection
	GlobalSection(ProjectConfigurationPlatforms) = postSolution
		{11900D58-3020-0741-1DCD-94805F74C889}.Debug|Any CPU.ActiveCfg = Debug|Any CPU
		{11900D58-3020-0741-1DCD-94805F74C889}.Debug|Any CPU.Build.0 = Debug|Any CPU
		{11900D58-3020-0741-1DCD-94805F74C889}.Release|Any CPU.ActiveCfg = Release|Any CPU
		{11900D58-3020-0741-1DCD-94805F74C889}.Release|Any CPU.Build.0 = Release|Any CPU
	EndGlobalSection
	GlobalSection(SolutionProperties) = preSolution
		HideSolutionNode = FALSE
	EndGlobalSection
EndGlobal
